
Microsoft Visual Studio Solution File, Format Version 12.00
# Visual Studio Version 17
VisualStudioVersion = 17.2.32630.192
MinimumVisualStudioVersion = 10.0.40219.1
Project("{9A19103F-16F7-4668-BE54-9A1E7A4F7556}") = "TCEcommerce.Domain", "src\TCEcommerce.Domain\TCEcommerce.Domain.csproj", "{554AD327-6DBA-4F8F-96F8-81CE7A0C863F}"
EndProject
Project("{9A19103F-16F7-4668-BE54-9A1E7A4F7556}") = "TCEcommerce.Application", "src\TCEcommerce.Application\TCEcommerce.Application.csproj", "{1A94A50E-06DC-43C1-80B5-B662820EC3EB}"
EndProject
Project("{9A19103F-16F7-4668-BE54-9A1E7A4F7556}") = "TCEcommerce.EntityFrameworkCore", "src\TCEcommerce.EntityFrameworkCore\TCEcommerce.EntityFrameworkCore.csproj", "{C956DD76-69C8-4A9C-83EA-D17DF83340FD}"
EndProject
Project("{2150E333-8FDC-42A3-9474-1A3956D46DE8}") = "src", "src", "{CA9AC87F-097E-4F15-8393-4BC07735A5B0}"
EndProject
Project("{2150E333-8FDC-42A3-9474-1A3956D46DE8}") = "test", "test", "{04DBDB01-70F4-4E06-B468-8F87850B22BE}"
EndProject
Project("{9A19103F-16F7-4668-BE54-9A1E7A4F7556}") = "TCEcommerce.Application.Tests", "test\TCEcommerce.Application.Tests\TCEcommerce.Application.Tests.csproj", "{50B2631D-129C-47B3-A587-029CCD6099BC}"
EndProject
Project("{9A19103F-16F7-4668-BE54-9A1E7A4F7556}") = "TCEcommerce.Domain.Shared", "src\TCEcommerce.Domain.Shared\TCEcommerce.Domain.Shared.csproj", "{42F719ED-8413-4895-B5B4-5AB56079BC66}"
EndProject
Project("{9A19103F-16F7-4668-BE54-9A1E7A4F7556}") = "TCEcommerce.Application.Contracts", "src\TCEcommerce.Application.Contracts\TCEcommerce.Application.Contracts.csproj", "{520659C8-C734-4298-A3DA-B539DB9DFC0B}"
EndProject
Project("{9A19103F-16F7-4668-BE54-9A1E7A4F7556}") = "TCEcommerce.HttpApi", "src\TCEcommerce.HttpApi\TCEcommerce.HttpApi.csproj", "{4164BDF7-F527-4E85-9CE6-E3C2D7426A27}"
EndProject
Project("{9A19103F-16F7-4668-BE54-9A1E7A4F7556}") = "TCEcommerce.HttpApi.Client", "src\TCEcommerce.HttpApi.Client\TCEcommerce.HttpApi.Client.csproj", "{3B5A0094-670D-4BB1-BFDD-61B88A8773DC}"
EndProject
Project("{9A19103F-16F7-4668-BE54-9A1E7A4F7556}") = "TCEcommerce.AuthServer", "src\TCEcommerce.AuthServer\TCEcommerce.AuthServer.csproj", "{073C361E-B8F4-49F5-93CC-72A3FF49C026}"
EndProject
Project("{9A19103F-16F7-4668-BE54-9A1E7A4F7556}") = "TCEcommerce.HttpApi.Host", "src\TCEcommerce.HttpApi.Host\TCEcommerce.HttpApi.Host.csproj", "{E6D5BF0E-DE92-4D82-A352-EF04B37CB11C}"
EndProject
Project("{9A19103F-16F7-4668-BE54-9A1E7A4F7556}") = "TCEcommerce.EntityFrameworkCore.Tests", "test\TCEcommerce.EntityFrameworkCore.Tests\TCEcommerce.EntityFrameworkCore.Tests.csproj", "{1FE30EB9-74A9-47F5-A9F6-7B1FAB672D81}"
EndProject
Project("{9A19103F-16F7-4668-BE54-9A1E7A4F7556}") = "TCEcommerce.TestBase", "test\TCEcommerce.TestBase\TCEcommerce.TestBase.csproj", "{91853F21-9CD9-4132-BC29-A7D5D84FFFE7}"
EndProject
Project("{9A19103F-16F7-4668-BE54-9A1E7A4F7556}") = "TCEcommerce.Domain.Tests", "test\TCEcommerce.Domain.Tests\TCEcommerce.Domain.Tests.csproj", "{E512F4D9-9375-480F-A2F6-A46509F9D824}"
EndProject
Project("{9A19103F-16F7-4668-BE54-9A1E7A4F7556}") = "TCEcommerce.HttpApi.Client.ConsoleTestApp", "test\TCEcommerce.HttpApi.Client.ConsoleTestApp\TCEcommerce.HttpApi.Client.ConsoleTestApp.csproj", "{EF480016-9127-4916-8735-D2466BDBC582}"
EndProject
Project("{9A19103F-16F7-4668-BE54-9A1E7A4F7556}") = "TCEcommerce.DbMigrator", "src\TCEcommerce.DbMigrator\TCEcommerce.DbMigrator.csproj", "{AA94D832-1CCC-4715-95A9-A483F23A1A5D}"
EndProject
Project("{2150E333-8FDC-42A3-9474-1A3956D46DE8}") = "auth", "auth", "{6D77ACC7-0EB4-44BE-B1F2-8C9CE9038173}"
EndProject
Project("{2150E333-8FDC-42A3-9474-1A3956D46DE8}") = "common", "common", "{D405646C-422F-49B6-B5BF-5800338F7BB5}"
EndProject
Project("{2150E333-8FDC-42A3-9474-1A3956D46DE8}") = "domain", "domain", "{738A69B3-5D5B-4C3C-AA92-9BD097C71020}"
EndProject
Project("{2150E333-8FDC-42A3-9474-1A3956D46DE8}") = "infrastructure", "infrastructure", "{335B5463-2DB7-49B0-8331-6EFB97B63BA1}"
EndProject
Project("{2150E333-8FDC-42A3-9474-1A3956D46DE8}") = "web", "web", "{4961525D-8681-4AE9-A35A-CC37C71DBDE3}"
EndProject
Project("{2150E333-8FDC-42A3-9474-1A3956D46DE8}") = "admin", "admin", "{DB5137AA-3127-4E86-BFE5-2EBA96EFA00F}"
EndProject
Project("{9A19103F-16F7-4668-BE54-9A1E7A4F7556}") = "TCEcommerce.Admin.Application", "src\TCEcommerce.Admin.Application\TCEcommerce.Admin.Application.csproj", "{A962F8DC-E0A0-4D35-80FB-C797627F9E10}"
EndProject
Project("{9A19103F-16F7-4668-BE54-9A1E7A4F7556}") = "TCEcommerce.Admin.Application.Contracts", "src\TCEcommerce.Admin.Application.Contracts\TCEcommerce.Admin.Application.Contracts.csproj", "{62B1CB2A-A7F4-4F08-9DEE-CBE4B1AE831F}"
EndProject
Project("{9A19103F-16F7-4668-BE54-9A1E7A4F7556}") = "TCEcommerce.Admin.HttpApi", "src\TCEcommerce.Admin.HttpApi\TCEcommerce.Admin.HttpApi.csproj", "{2F47D96D-1979-45D8-83FB-48C7832A49D6}"
EndProject
Project("{9A19103F-16F7-4668-BE54-9A1E7A4F7556}") = "TCEcommerce.Admin.HttpApi.Client", "src\TCEcommerce.Admin.HttpApi.Client\TCEcommerce.Admin.HttpApi.Client.csproj", "{461C01EA-08D0-414A-A5E8-3E40B4AB8694}"
EndProject
Project("{9A19103F-16F7-4668-BE54-9A1E7A4F7556}") = "TCEcommerce.Admin.HttpApi.Host", "src\TCEcommerce.Admin.HttpApi.Host\TCEcommerce.Admin.HttpApi.Host.csproj", "{4A4CA720-E537-4BED-8AA9-FDAB5297714A}"
EndProject
Project("{2150E333-8FDC-42A3-9474-1A3956D46DE8}") = "web", "web", "{91D23C7F-D1D0-40D1-BB3D-F96242734452}"
EndProject
Project("{2150E333-8FDC-42A3-9474-1A3956D46DE8}") = "admin", "admin", "{17E8747C-31A2-4B87-B0F5-45CD62D18CB1}"
EndProject
Project("{9A19103F-16F7-4668-BE54-9A1E7A4F7556}") = "TCEcommerce.Admin.Application.Tests", "test\TCEcommerce.Admin.Application.Tests\TCEcommerce.Admin.Application.Tests.csproj", "{0B6B7F0A-8C7F-416F-ADF8-192A74C55CD2}"
EndProject
Project("{9A19103F-16F7-4668-BE54-9A1E7A4F7556}") = "TCEcommerce.Admin.HttpApi.Client.ConsoleTestApp", "test\TCEcommerce.Admin.HttpApi.Client.ConsoleTestApp\TCEcommerce.Admin.HttpApi.Client.ConsoleTestApp.csproj", "{0A37D951-6BF5-4AB2-934D-10407F3A0D64}"
EndProject
Project("{2150E333-8FDC-42A3-9474-1A3956D46DE8}") = "shared", "shared", "{D754CF03-7427-4C04-BA83-4332A6C6E247}"
EndProject
Global
	GlobalSection(SolutionConfigurationPlatforms) = preSolution
		Debug|Any CPU = Debug|Any CPU
		Release|Any CPU = Release|Any CPU
	EndGlobalSection
	GlobalSection(ProjectConfigurationPlatforms) = postSolution
		{554AD327-6DBA-4F8F-96F8-81CE7A0C863F}.Debug|Any CPU.ActiveCfg = Debug|Any CPU
		{554AD327-6DBA-4F8F-96F8-81CE7A0C863F}.Debug|Any CPU.Build.0 = Debug|Any CPU
		{554AD327-6DBA-4F8F-96F8-81CE7A0C863F}.Release|Any CPU.ActiveCfg = Release|Any CPU
		{554AD327-6DBA-4F8F-96F8-81CE7A0C863F}.Release|Any CPU.Build.0 = Release|Any CPU
		{1A94A50E-06DC-43C1-80B5-B662820EC3EB}.Debug|Any CPU.ActiveCfg = Debug|Any CPU
		{1A94A50E-06DC-43C1-80B5-B662820EC3EB}.Debug|Any CPU.Build.0 = Debug|Any CPU
		{1A94A50E-06DC-43C1-80B5-B662820EC3EB}.Release|Any CPU.ActiveCfg = Release|Any CPU
		{1A94A50E-06DC-43C1-80B5-B662820EC3EB}.Release|Any CPU.Build.0 = Release|Any CPU
		{C956DD76-69C8-4A9C-83EA-D17DF83340FD}.Debug|Any CPU.ActiveCfg = Debug|Any CPU
		{C956DD76-69C8-4A9C-83EA-D17DF83340FD}.Debug|Any CPU.Build.0 = Debug|Any CPU
		{C956DD76-69C8-4A9C-83EA-D17DF83340FD}.Release|Any CPU.ActiveCfg = Release|Any CPU
		{C956DD76-69C8-4A9C-83EA-D17DF83340FD}.Release|Any CPU.Build.0 = Release|Any CPU
		{50B2631D-129C-47B3-A587-029CCD6099BC}.Debug|Any CPU.ActiveCfg = Debug|Any CPU
		{50B2631D-129C-47B3-A587-029CCD6099BC}.Debug|Any CPU.Build.0 = Debug|Any CPU
		{50B2631D-129C-47B3-A587-029CCD6099BC}.Release|Any CPU.ActiveCfg = Release|Any CPU
		{50B2631D-129C-47B3-A587-029CCD6099BC}.Release|Any CPU.Build.0 = Release|Any CPU
		{42F719ED-8413-4895-B5B4-5AB56079BC66}.Debug|Any CPU.ActiveCfg = Debug|Any CPU
		{42F719ED-8413-4895-B5B4-5AB56079BC66}.Debug|Any CPU.Build.0 = Debug|Any CPU
		{42F719ED-8413-4895-B5B4-5AB56079BC66}.Release|Any CPU.ActiveCfg = Release|Any CPU
		{42F719ED-8413-4895-B5B4-5AB56079BC66}.Release|Any CPU.Build.0 = Release|Any CPU
		{520659C8-C734-4298-A3DA-B539DB9DFC0B}.Debug|Any CPU.ActiveCfg = Debug|Any CPU
		{520659C8-C734-4298-A3DA-B539DB9DFC0B}.Debug|Any CPU.Build.0 = Debug|Any CPU
		{520659C8-C734-4298-A3DA-B539DB9DFC0B}.Release|Any CPU.ActiveCfg = Release|Any CPU
		{520659C8-C734-4298-A3DA-B539DB9DFC0B}.Release|Any CPU.Build.0 = Release|Any CPU
		{4164BDF7-F527-4E85-9CE6-E3C2D7426A27}.Debug|Any CPU.ActiveCfg = Debug|Any CPU
		{4164BDF7-F527-4E85-9CE6-E3C2D7426A27}.Debug|Any CPU.Build.0 = Debug|Any CPU
		{4164BDF7-F527-4E85-9CE6-E3C2D7426A27}.Release|Any CPU.ActiveCfg = Release|Any CPU
		{4164BDF7-F527-4E85-9CE6-E3C2D7426A27}.Release|Any CPU.Build.0 = Release|Any CPU
		{3B5A0094-670D-4BB1-BFDD-61B88A8773DC}.Debug|Any CPU.ActiveCfg = Debug|Any CPU
		{3B5A0094-670D-4BB1-BFDD-61B88A8773DC}.Debug|Any CPU.Build.0 = Debug|Any CPU
		{3B5A0094-670D-4BB1-BFDD-61B88A8773DC}.Release|Any CPU.ActiveCfg = Release|Any CPU
		{3B5A0094-670D-4BB1-BFDD-61B88A8773DC}.Release|Any CPU.Build.0 = Release|Any CPU
		{073C361E-B8F4-49F5-93CC-72A3FF49C026}.Debug|Any CPU.ActiveCfg = Debug|Any CPU
		{073C361E-B8F4-49F5-93CC-72A3FF49C026}.Debug|Any CPU.Build.0 = Debug|Any CPU
		{073C361E-B8F4-49F5-93CC-72A3FF49C026}.Release|Any CPU.ActiveCfg = Release|Any CPU
		{073C361E-B8F4-49F5-93CC-72A3FF49C026}.Release|Any CPU.Build.0 = Release|Any CPU
		{E6D5BF0E-DE92-4D82-A352-EF04B37CB11C}.Debug|Any CPU.ActiveCfg = Debug|Any CPU
		{E6D5BF0E-DE92-4D82-A352-EF04B37CB11C}.Debug|Any CPU.Build.0 = Debug|Any CPU
		{E6D5BF0E-DE92-4D82-A352-EF04B37CB11C}.Release|Any CPU.ActiveCfg = Release|Any CPU
		{E6D5BF0E-DE92-4D82-A352-EF04B37CB11C}.Release|Any CPU.Build.0 = Release|Any CPU
		{1FE30EB9-74A9-47F5-A9F6-7B1FAB672D81}.Debug|Any CPU.ActiveCfg = Debug|Any CPU
		{1FE30EB9-74A9-47F5-A9F6-7B1FAB672D81}.Debug|Any CPU.Build.0 = Debug|Any CPU
		{1FE30EB9-74A9-47F5-A9F6-7B1FAB672D81}.Release|Any CPU.ActiveCfg = Release|Any CPU
		{1FE30EB9-74A9-47F5-A9F6-7B1FAB672D81}.Release|Any CPU.Build.0 = Release|Any CPU
		{91853F21-9CD9-4132-BC29-A7D5D84FFFE7}.Debug|Any CPU.ActiveCfg = Debug|Any CPU
		{91853F21-9CD9-4132-BC29-A7D5D84FFFE7}.Debug|Any CPU.Build.0 = Debug|Any CPU
		{91853F21-9CD9-4132-BC29-A7D5D84FFFE7}.Release|Any CPU.ActiveCfg = Release|Any CPU
		{91853F21-9CD9-4132-BC29-A7D5D84FFFE7}.Release|Any CPU.Build.0 = Release|Any CPU
		{E512F4D9-9375-480F-A2F6-A46509F9D824}.Debug|Any CPU.ActiveCfg = Debug|Any CPU
		{E512F4D9-9375-480F-A2F6-A46509F9D824}.Debug|Any CPU.Build.0 = Debug|Any CPU
		{E512F4D9-9375-480F-A2F6-A46509F9D824}.Release|Any CPU.ActiveCfg = Release|Any CPU
		{E512F4D9-9375-480F-A2F6-A46509F9D824}.Release|Any CPU.Build.0 = Release|Any CPU
		{EF480016-9127-4916-8735-D2466BDBC582}.Debug|Any CPU.ActiveCfg = Debug|Any CPU
		{EF480016-9127-4916-8735-D2466BDBC582}.Debug|Any CPU.Build.0 = Debug|Any CPU
		{EF480016-9127-4916-8735-D2466BDBC582}.Release|Any CPU.ActiveCfg = Release|Any CPU
		{EF480016-9127-4916-8735-D2466BDBC582}.Release|Any CPU.Build.0 = Release|Any CPU
		{AA94D832-1CCC-4715-95A9-A483F23A1A5D}.Debug|Any CPU.ActiveCfg = Debug|Any CPU
		{AA94D832-1CCC-4715-95A9-A483F23A1A5D}.Debug|Any CPU.Build.0 = Debug|Any CPU
		{AA94D832-1CCC-4715-95A9-A483F23A1A5D}.Release|Any CPU.ActiveCfg = Release|Any CPU
		{AA94D832-1CCC-4715-95A9-A483F23A1A5D}.Release|Any CPU.Build.0 = Release|Any CPU
		{A962F8DC-E0A0-4D35-80FB-C797627F9E10}.Debug|Any CPU.ActiveCfg = Debug|Any CPU
		{A962F8DC-E0A0-4D35-80FB-C797627F9E10}.Debug|Any CPU.Build.0 = Debug|Any CPU
		{A962F8DC-E0A0-4D35-80FB-C797627F9E10}.Release|Any CPU.ActiveCfg = Release|Any CPU
		{A962F8DC-E0A0-4D35-80FB-C797627F9E10}.Release|Any CPU.Build.0 = Release|Any CPU
		{62B1CB2A-A7F4-4F08-9DEE-CBE4B1AE831F}.Debug|Any CPU.ActiveCfg = Debug|Any CPU
		{62B1CB2A-A7F4-4F08-9DEE-CBE4B1AE831F}.Debug|Any CPU.Build.0 = Debug|Any CPU
		{62B1CB2A-A7F4-4F08-9DEE-CBE4B1AE831F}.Release|Any CPU.ActiveCfg = Release|Any CPU
		{62B1CB2A-A7F4-4F08-9DEE-CBE4B1AE831F}.Release|Any CPU.Build.0 = Release|Any CPU
		{2F47D96D-1979-45D8-83FB-48C7832A49D6}.Debug|Any CPU.ActiveCfg = Debug|Any CPU
		{2F47D96D-1979-45D8-83FB-48C7832A49D6}.Debug|Any CPU.Build.0 = Debug|Any CPU
		{2F47D96D-1979-45D8-83FB-48C7832A49D6}.Release|Any CPU.ActiveCfg = Release|Any CPU
		{2F47D96D-1979-45D8-83FB-48C7832A49D6}.Release|Any CPU.Build.0 = Release|Any CPU
		{461C01EA-08D0-414A-A5E8-3E40B4AB8694}.Debug|Any CPU.ActiveCfg = Debug|Any CPU
		{461C01EA-08D0-414A-A5E8-3E40B4AB8694}.Debug|Any CPU.Build.0 = Debug|Any CPU
		{461C01EA-08D0-414A-A5E8-3E40B4AB8694}.Release|Any CPU.ActiveCfg = Release|Any CPU
		{461C01EA-08D0-414A-A5E8-3E40B4AB8694}.Release|Any CPU.Build.0 = Release|Any CPU
		{4A4CA720-E537-4BED-8AA9-FDAB5297714A}.Debug|Any CPU.ActiveCfg = Debug|Any CPU
		{4A4CA720-E537-4BED-8AA9-FDAB5297714A}.Debug|Any CPU.Build.0 = Debug|Any CPU
		{4A4CA720-E537-4BED-8AA9-FDAB5297714A}.Release|Any CPU.ActiveCfg = Release|Any CPU
		{4A4CA720-E537-4BED-8AA9-FDAB5297714A}.Release|Any CPU.Build.0 = Release|Any CPU
		{0B6B7F0A-8C7F-416F-ADF8-192A74C55CD2}.Debug|Any CPU.ActiveCfg = Debug|Any CPU
		{0B6B7F0A-8C7F-416F-ADF8-192A74C55CD2}.Debug|Any CPU.Build.0 = Debug|Any CPU
		{0B6B7F0A-8C7F-416F-ADF8-192A74C55CD2}.Release|Any CPU.ActiveCfg = Release|Any CPU
		{0B6B7F0A-8C7F-416F-ADF8-192A74C55CD2}.Release|Any CPU.Build.0 = Release|Any CPU
		{0A37D951-6BF5-4AB2-934D-10407F3A0D64}.Debug|Any CPU.ActiveCfg = Debug|Any CPU
		{0A37D951-6BF5-4AB2-934D-10407F3A0D64}.Debug|Any CPU.Build.0 = Debug|Any CPU
		{0A37D951-6BF5-4AB2-934D-10407F3A0D64}.Release|Any CPU.ActiveCfg = Release|Any CPU
		{0A37D951-6BF5-4AB2-934D-10407F3A0D64}.Release|Any CPU.Build.0 = Release|Any CPU
	EndGlobalSection
	GlobalSection(SolutionProperties) = preSolution
		HideSolutionNode = FALSE
	EndGlobalSection
	GlobalSection(NestedProjects) = preSolution
		{554AD327-6DBA-4F8F-96F8-81CE7A0C863F} = {738A69B3-5D5B-4C3C-AA92-9BD097C71020}
		{1A94A50E-06DC-43C1-80B5-B662820EC3EB} = {4961525D-8681-4AE9-A35A-CC37C71DBDE3}
		{C956DD76-69C8-4A9C-83EA-D17DF83340FD} = {335B5463-2DB7-49B0-8331-6EFB97B63BA1}
		{50B2631D-129C-47B3-A587-029CCD6099BC} = {91D23C7F-D1D0-40D1-BB3D-F96242734452}
		{42F719ED-8413-4895-B5B4-5AB56079BC66} = {738A69B3-5D5B-4C3C-AA92-9BD097C71020}
		{520659C8-C734-4298-A3DA-B539DB9DFC0B} = {4961525D-8681-4AE9-A35A-CC37C71DBDE3}
		{4164BDF7-F527-4E85-9CE6-E3C2D7426A27} = {4961525D-8681-4AE9-A35A-CC37C71DBDE3}
		{3B5A0094-670D-4BB1-BFDD-61B88A8773DC} = {4961525D-8681-4AE9-A35A-CC37C71DBDE3}
		{073C361E-B8F4-49F5-93CC-72A3FF49C026} = {6D77ACC7-0EB4-44BE-B1F2-8C9CE9038173}
		{E6D5BF0E-DE92-4D82-A352-EF04B37CB11C} = {4961525D-8681-4AE9-A35A-CC37C71DBDE3}
		{1FE30EB9-74A9-47F5-A9F6-7B1FAB672D81} = {D754CF03-7427-4C04-BA83-4332A6C6E247}
		{91853F21-9CD9-4132-BC29-A7D5D84FFFE7} = {D754CF03-7427-4C04-BA83-4332A6C6E247}
		{E512F4D9-9375-480F-A2F6-A46509F9D824} = {91D23C7F-D1D0-40D1-BB3D-F96242734452}
		{EF480016-9127-4916-8735-D2466BDBC582} = {D754CF03-7427-4C04-BA83-4332A6C6E247}
		{AA94D832-1CCC-4715-95A9-A483F23A1A5D} = {335B5463-2DB7-49B0-8331-6EFB97B63BA1}
		{6D77ACC7-0EB4-44BE-B1F2-8C9CE9038173} = {CA9AC87F-097E-4F15-8393-4BC07735A5B0}
		{D405646C-422F-49B6-B5BF-5800338F7BB5} = {CA9AC87F-097E-4F15-8393-4BC07735A5B0}
		{738A69B3-5D5B-4C3C-AA92-9BD097C71020} = {D405646C-422F-49B6-B5BF-5800338F7BB5}
		{335B5463-2DB7-49B0-8331-6EFB97B63BA1} = {D405646C-422F-49B6-B5BF-5800338F7BB5}
		{4961525D-8681-4AE9-A35A-CC37C71DBDE3} = {CA9AC87F-097E-4F15-8393-4BC07735A5B0}
		{DB5137AA-3127-4E86-BFE5-2EBA96EFA00F} = {CA9AC87F-097E-4F15-8393-4BC07735A5B0}
		{A962F8DC-E0A0-4D35-80FB-C797627F9E10} = {DB5137AA-3127-4E86-BFE5-2EBA96EFA00F}
		{62B1CB2A-A7F4-4F08-9DEE-CBE4B1AE831F} = {DB5137AA-3127-4E86-BFE5-2EBA96EFA00F}
		{2F47D96D-1979-45D8-83FB-48C7832A49D6} = {DB5137AA-3127-4E86-BFE5-2EBA96EFA00F}
		{461C01EA-08D0-414A-A5E8-3E40B4AB8694} = {DB5137AA-3127-4E86-BFE5-2EBA96EFA00F}
		{4A4CA720-E537-4BED-8AA9-FDAB5297714A} = {DB5137AA-3127-4E86-BFE5-2EBA96EFA00F}
		{91D23C7F-D1D0-40D1-BB3D-F96242734452} = {04DBDB01-70F4-4E06-B468-8F87850B22BE}
		{17E8747C-31A2-4B87-B0F5-45CD62D18CB1} = {04DBDB01-70F4-4E06-B468-8F87850B22BE}
		{0B6B7F0A-8C7F-416F-ADF8-192A74C55CD2} = {17E8747C-31A2-4B87-B0F5-45CD62D18CB1}
		{0A37D951-6BF5-4AB2-934D-10407F3A0D64} = {17E8747C-31A2-4B87-B0F5-45CD62D18CB1}
		{D754CF03-7427-4C04-BA83-4332A6C6E247} = {04DBDB01-70F4-4E06-B468-8F87850B22BE}
	EndGlobalSection
	GlobalSection(ExtensibilityGlobals) = postSolution
		SolutionGuid = {28315BFD-90E7-4E14-A2EA-F3D23AF4126F}
	EndGlobalSection
EndGlobal
